
Microsoft Visual Studio Solution File, Format Version 12.00
# Visual Studio Version 17
VisualStudioVersion = 17.11.35327.3
MinimumVisualStudioVersion = 10.0.40219.1
Project("{9A19103F-16F7-4668-BE54-9A1E7A4F7556}") = "EnvanterMS.INFRASTRUCTURE", "EnvanterMS.INFRASTRUCTURE.csproj", "{D5C587A9-D639-46EF-8B38-2E88C6ACC31E}"
EndProject
Global
	GlobalSection(SolutionConfigurationPlatforms) = preSolution
		Debug|Any CPU = Debug|Any CPU
		Release|Any CPU = Release|Any CPU
	EndGlobalSection
	GlobalSection(ProjectConfigurationPlatforms) = postSolution
		{D5C587A9-D639-46EF-8B38-2E88C6ACC31E}.Debug|Any CPU.ActiveCfg = Debug|Any CPU
		{D5C587A9-D639-46EF-8B38-2E88C6ACC31E}.Debug|Any CPU.Build.0 = Debug|Any CPU
		{D5C587A9-D639-46EF-8B38-2E88C6ACC31E}.Release|Any CPU.ActiveCfg = Release|Any CPU
		{D5C587A9-D639-46EF-8B38-2E88C6ACC31E}.Release|Any CPU.Build.0 = Release|Any CPU
	EndGlobalSection
	GlobalSection(SolutionProperties) = preSolution
		HideSolutionNode = FALSE
	EndGlobalSection
	GlobalSection(ExtensibilityGlobals) = postSolution
		SolutionGuid = {FDADC9BA-0627-48F1-84AE-31103374738E}
	EndGlobalSection
EndGlobal
